
Microsoft Visual Studio Solution File, Format Version 12.00
# Visual Studio Version 17
VisualStudioVersion = 17.14.36301.6 d17.14
MinimumVisualStudioVersion = 10.0.40219.1
Project("{FAE04EC0-301F-11D3-BF4B-00C04F79EFBC}") = "MyDesk.Frontend", "MyDesk.Frontend\MyDesk.Frontend.csproj", "{54AF4544-70AC-4245-9A9E-6E559F6790A4}"
EndProject
Project("{FAE04EC0-301F-11D3-BF4B-00C04F79EFBC}") = "MyDesk.Backend", "MyDesk.Backend\MyDesk.Backend.csproj", "{A74FF767-3BA6-4AA4-A7A9-2A8E61AA4460}"
EndProject
Global
	GlobalSection(SolutionConfigurationPlatforms) = preSolution
		Debug|Any CPU = Debug|Any CPU
		Release|Any CPU = Release|Any CPU
	EndGlobalSection
	GlobalSection(ProjectConfigurationPlatforms) = postSolution
		{54AF4544-70AC-4245-9A9E-6E559F6790A4}.Debug|Any CPU.ActiveCfg = Debug|Any CPU
		{54AF4544-70AC-4245-9A9E-6E559F6790A4}.Debug|Any CPU.Build.0 = Debug|Any CPU
		{54AF4544-70AC-4245-9A9E-6E559F6790A4}.Release|Any CPU.ActiveCfg = Release|Any CPU
		{54AF4544-70AC-4245-9A9E-6E559F6790A4}.Release|Any CPU.Build.0 = Release|Any CPU
		{A74FF767-3BA6-4AA4-A7A9-2A8E61AA4460}.Debug|Any CPU.ActiveCfg = Debug|Any CPU
		{A74FF767-3BA6-4AA4-A7A9-2A8E61AA4460}.Debug|Any CPU.Build.0 = Debug|Any CPU
		{A74FF767-3BA6-4AA4-A7A9-2A8E61AA4460}.Release|Any CPU.ActiveCfg = Release|Any CPU
		{A74FF767-3BA6-4AA4-A7A9-2A8E61AA4460}.Release|Any CPU.Build.0 = Release|Any CPU
	EndGlobalSection
	GlobalSection(SolutionProperties) = preSolution
		HideSolutionNode = FALSE
	EndGlobalSection
	GlobalSection(ExtensibilityGlobals) = postSolution
		SolutionGuid = {E574B03A-2EFE-449E-8880-C3A1E923A86E}
	EndGlobalSection
EndGlobal
