
Microsoft Visual Studio Solution File, Format Version 12.00
# Visual Studio Version 17
VisualStudioVersion = 17.14.36301.6
MinimumVisualStudioVersion = 10.0.40219.1
Project("{FAE04EC0-301F-11D3-BF4B-00C04F79EFBC}") = "MyDesk.Frontend", "MyDesk.Frontend\MyDesk.Frontend.csproj", "{54AF4544-70AC-4245-9A9E-6E559F6790A4}"
EndProject
Project("{FAE04EC0-301F-11D3-BF4B-00C04F79EFBC}") = "MyDesk.Backend", "MyDesk.Backend\MyDesk.Backend.csproj", "{A74FF767-3BA6-4AA4-A7A9-2A8E61AA4460}"
EndProject
Project("{FAE04EC0-301F-11D3-BF4B-00C04F79EFBC}") = "MyDesk.Domain", "MyDesk.Domain\MyDesk.Domain.csproj", "{D996E5D0-DE55-4F44-8501-4644613C11F3}"
EndProject
Project("{FAE04EC0-301F-11D3-BF4B-00C04F79EFBC}") = "MyDesk.Application", "MyDesk.Application\MyDesk.Application.csproj", "{313B9E06-1236-4FF6-889F-067A16E6603C}"
EndProject
Project("{FAE04EC0-301F-11D3-BF4B-00C04F79EFBC}") = "MyDesk.Infrastructure", "MyDesk.Infrastructure\MyDesk.Infrastructure.csproj", "{BE73273D-9696-411E-B7D1-00EC020E01C4}"
EndProject
Global
	GlobalSection(SolutionConfigurationPlatforms) = preSolution
		Debug|Any CPU = Debug|Any CPU
		Release|Any CPU = Release|Any CPU
	EndGlobalSection
	GlobalSection(ProjectConfigurationPlatforms) = postSolution
		{54AF4544-70AC-4245-9A9E-6E559F6790A4}.Debug|Any CPU.ActiveCfg = Debug|Any CPU
		{54AF4544-70AC-4245-9A9E-6E559F6790A4}.Debug|Any CPU.Build.0 = Debug|Any CPU
		{54AF4544-70AC-4245-9A9E-6E559F6790A4}.Release|Any CPU.ActiveCfg = Release|Any CPU
		{54AF4544-70AC-4245-9A9E-6E559F6790A4}.Release|Any CPU.Build.0 = Release|Any CPU
		{A74FF767-3BA6-4AA4-A7A9-2A8E61AA4460}.Debug|Any CPU.ActiveCfg = Debug|Any CPU
		{A74FF767-3BA6-4AA4-A7A9-2A8E61AA4460}.Debug|Any CPU.Build.0 = Debug|Any CPU
		{A74FF767-3BA6-4AA4-A7A9-2A8E61AA4460}.Release|Any CPU.ActiveCfg = Release|Any CPU
		{A74FF767-3BA6-4AA4-A7A9-2A8E61AA4460}.Release|Any CPU.Build.0 = Release|Any CPU
		{D996E5D0-DE55-4F44-8501-4644613C11F3}.Debug|Any CPU.ActiveCfg = Debug|Any CPU
		{D996E5D0-DE55-4F44-8501-4644613C11F3}.Debug|Any CPU.Build.0 = Debug|Any CPU
		{D996E5D0-DE55-4F44-8501-4644613C11F3}.Release|Any CPU.ActiveCfg = Release|Any CPU
		{D996E5D0-DE55-4F44-8501-4644613C11F3}.Release|Any CPU.Build.0 = Release|Any CPU
		{313B9E06-1236-4FF6-889F-067A16E6603C}.Debug|Any CPU.ActiveCfg = Debug|Any CPU
		{313B9E06-1236-4FF6-889F-067A16E6603C}.Debug|Any CPU.Build.0 = Debug|Any CPU
		{313B9E06-1236-4FF6-889F-067A16E6603C}.Release|Any CPU.ActiveCfg = Release|Any CPU
		{313B9E06-1236-4FF6-889F-067A16E6603C}.Release|Any CPU.Build.0 = Release|Any CPU
		{BE73273D-9696-411E-B7D1-00EC020E01C4}.Debug|Any CPU.ActiveCfg = Debug|Any CPU
		{BE73273D-9696-411E-B7D1-00EC020E01C4}.Debug|Any CPU.Build.0 = Debug|Any CPU
		{BE73273D-9696-411E-B7D1-00EC020E01C4}.Release|Any CPU.ActiveCfg = Release|Any CPU
		{BE73273D-9696-411E-B7D1-00EC020E01C4}.Release|Any CPU.Build.0 = Release|Any CPU
	EndGlobalSection
	GlobalSection(SolutionProperties) = preSolution
		HideSolutionNode = FALSE
	EndGlobalSection
	GlobalSection(ExtensibilityGlobals) = postSolution
		SolutionGuid = {E574B03A-2EFE-449E-8880-C3A1E923A86E}
	EndGlobalSection
EndGlobal
